
Microsoft Visual Studio Solution File, Format Version 12.00
# Visual Studio 15
VisualStudioVersion = 15.0.28307.106
MinimumVisualStudioVersion = 10.0.40219.1
Project("{9A19103F-16F7-4668-BE54-9A1E7A4F7556}") = "BookMyHotel", "BookMyHotel\BookMyHotel.csproj", "{1F31B6B9-F120-40D5-A3CE-168FB1F4E68C}"
EndProject
Project("{9A19103F-16F7-4668-BE54-9A1E7A4F7556}") = "BookMyHotel_Tenants.Common", "BookMyHotel.Tenants.Common\BookMyHotel_Tenants.Common.csproj", "{59124E92-2111-43D0-8175-7020D5A45F62}"
EndProject
Project("{9A19103F-16F7-4668-BE54-9A1E7A4F7556}") = "BookMyHotel_Tenants.UserApp.EF", "BookMyHotel.Tenants.UserAppEF\BookMyHotel_Tenants.UserApp.EF.csproj", "{0DE70C46-4A2E-408C-9154-D57666BEC58C}"
EndProject
Project("{00D1A9C2-B5F0-4AF3-8072-F6C62B433612}") = "BookMyHotelDatabase", "BookMyHotelDatabase\BookMyHotelDatabase.sqlproj", "{4F313497-FC4C-4689-92A2-638E68DE2FD1}"
EndProject
Project("{9A19103F-16F7-4668-BE54-9A1E7A4F7556}") = "BookMyHotelTests", "BookMyHotelTests\BookMyHotelTests.csproj", "{F50358DD-7ABD-4656-9BDC-EDFBBC318821}"
EndProject
Global
	GlobalSection(SolutionConfigurationPlatforms) = preSolution
		Debug|Any CPU = Debug|Any CPU
		Release|Any CPU = Release|Any CPU
	EndGlobalSection
	GlobalSection(ProjectConfigurationPlatforms) = postSolution
		{1F31B6B9-F120-40D5-A3CE-168FB1F4E68C}.Debug|Any CPU.ActiveCfg = Debug|Any CPU
		{1F31B6B9-F120-40D5-A3CE-168FB1F4E68C}.Debug|Any CPU.Build.0 = Debug|Any CPU
		{1F31B6B9-F120-40D5-A3CE-168FB1F4E68C}.Release|Any CPU.ActiveCfg = Release|Any CPU
		{1F31B6B9-F120-40D5-A3CE-168FB1F4E68C}.Release|Any CPU.Build.0 = Release|Any CPU
		{59124E92-2111-43D0-8175-7020D5A45F62}.Debug|Any CPU.ActiveCfg = Debug|Any CPU
		{59124E92-2111-43D0-8175-7020D5A45F62}.Debug|Any CPU.Build.0 = Debug|Any CPU
		{59124E92-2111-43D0-8175-7020D5A45F62}.Release|Any CPU.ActiveCfg = Release|Any CPU
		{59124E92-2111-43D0-8175-7020D5A45F62}.Release|Any CPU.Build.0 = Release|Any CPU
		{0DE70C46-4A2E-408C-9154-D57666BEC58C}.Debug|Any CPU.ActiveCfg = Debug|Any CPU
		{0DE70C46-4A2E-408C-9154-D57666BEC58C}.Debug|Any CPU.Build.0 = Debug|Any CPU
		{0DE70C46-4A2E-408C-9154-D57666BEC58C}.Release|Any CPU.ActiveCfg = Release|Any CPU
		{0DE70C46-4A2E-408C-9154-D57666BEC58C}.Release|Any CPU.Build.0 = Release|Any CPU
		{4F313497-FC4C-4689-92A2-638E68DE2FD1}.Debug|Any CPU.ActiveCfg = Debug|Any CPU
		{4F313497-FC4C-4689-92A2-638E68DE2FD1}.Debug|Any CPU.Build.0 = Debug|Any CPU
		{4F313497-FC4C-4689-92A2-638E68DE2FD1}.Debug|Any CPU.Deploy.0 = Debug|Any CPU
		{4F313497-FC4C-4689-92A2-638E68DE2FD1}.Release|Any CPU.ActiveCfg = Release|Any CPU
		{4F313497-FC4C-4689-92A2-638E68DE2FD1}.Release|Any CPU.Build.0 = Release|Any CPU
		{4F313497-FC4C-4689-92A2-638E68DE2FD1}.Release|Any CPU.Deploy.0 = Release|Any CPU
		{F50358DD-7ABD-4656-9BDC-EDFBBC318821}.Debug|Any CPU.ActiveCfg = Debug|Any CPU
		{F50358DD-7ABD-4656-9BDC-EDFBBC318821}.Debug|Any CPU.Build.0 = Debug|Any CPU
		{F50358DD-7ABD-4656-9BDC-EDFBBC318821}.Release|Any CPU.ActiveCfg = Release|Any CPU
		{F50358DD-7ABD-4656-9BDC-EDFBBC318821}.Release|Any CPU.Build.0 = Release|Any CPU
	EndGlobalSection
	GlobalSection(SolutionProperties) = preSolution
		HideSolutionNode = FALSE
	EndGlobalSection
	GlobalSection(ExtensibilityGlobals) = postSolution
		SolutionGuid = {05843BD7-24B1-4FA9-B69F-629D2973DF8A}
	EndGlobalSection
EndGlobal
